
Microsoft Visual Studio Solution File, Format Version 12.00
# Visual Studio 15
VisualStudioVersion = 15.0.28307.1000
MinimumVisualStudioVersion = 10.0.40219.1
Project("{FAE04EC0-301F-11D3-BF4B-00C04F79EFBC}") = "BaiTapLon", "WindowsFormsApp1\BaiTapLon.csproj", "{15A6B506-7CA1-46B9-8FD7-4CC24C384487}"
EndProject
Global
	GlobalSection(SolutionConfigurationPlatforms) = preSolution
		Debug|Any CPU = Debug|Any CPU
		Release|Any CPU = Release|Any CPU
	EndGlobalSection
	GlobalSection(ProjectConfigurationPlatforms) = postSolution
		{15A6B506-7CA1-46B9-8FD7-4CC24C384487}.Debug|Any CPU.ActiveCfg = Debug|Any CPU
		{15A6B506-7CA1-46B9-8FD7-4CC24C384487}.Debug|Any CPU.Build.0 = Debug|Any CPU
		{15A6B506-7CA1-46B9-8FD7-4CC24C384487}.Release|Any CPU.ActiveCfg = Release|Any CPU
		{15A6B506-7CA1-46B9-8FD7-4CC24C384487}.Release|Any CPU.Build.0 = Release|Any CPU
	EndGlobalSection
	GlobalSection(SolutionProperties) = preSolution
		HideSolutionNode = FALSE
	EndGlobalSection
	GlobalSection(ExtensibilityGlobals) = postSolution
		SolutionGuid = {89812298-44B7-4931-A13E-DDDE6482653E}
	EndGlobalSection
EndGlobal
